
Microsoft Visual Studio Solution File, Format Version 12.00
# Visual Studio 15
VisualStudioVersion = 15.0.26430.15
MinimumVisualStudioVersion = 10.0.40219.1
Project("{FAE04EC0-301F-11D3-BF4B-00C04F79EFBC}") = "Ado.Net", "Ado.Net\Ado.Net.csproj", "{C90B6ADA-C1AC-4377-8752-A6B59C081EBB}"
EndProject
Project("{FAE04EC0-301F-11D3-BF4B-00C04F79EFBC}") = "Ado_Net_Intro_Project", "C:\Users\MAK\Downloads\Ado_Net_Intro_2-master\Ado_Net_Intro_Project\Ado_Net_Intro_Project\Ado_Net_Intro_Project.csproj", "{60573FDC-994B-4932-A7ED-A5FD72A3B8FD}"
EndProject
Global
	GlobalSection(SolutionConfigurationPlatforms) = preSolution
		Debug|Any CPU = Debug|Any CPU
		Release|Any CPU = Release|Any CPU
	EndGlobalSection
	GlobalSection(ProjectConfigurationPlatforms) = postSolution
		{C90B6ADA-C1AC-4377-8752-A6B59C081EBB}.Debug|Any CPU.ActiveCfg = Debug|Any CPU
		{C90B6ADA-C1AC-4377-8752-A6B59C081EBB}.Debug|Any CPU.Build.0 = Debug|Any CPU
		{C90B6ADA-C1AC-4377-8752-A6B59C081EBB}.Release|Any CPU.ActiveCfg = Release|Any CPU
		{C90B6ADA-C1AC-4377-8752-A6B59C081EBB}.Release|Any CPU.Build.0 = Release|Any CPU
		{60573FDC-994B-4932-A7ED-A5FD72A3B8FD}.Debug|Any CPU.ActiveCfg = Debug|Any CPU
		{60573FDC-994B-4932-A7ED-A5FD72A3B8FD}.Debug|Any CPU.Build.0 = Debug|Any CPU
		{60573FDC-994B-4932-A7ED-A5FD72A3B8FD}.Release|Any CPU.ActiveCfg = Release|Any CPU
		{60573FDC-994B-4932-A7ED-A5FD72A3B8FD}.Release|Any CPU.Build.0 = Release|Any CPU
	EndGlobalSection
	GlobalSection(SolutionProperties) = preSolution
		HideSolutionNode = FALSE
	EndGlobalSection
EndGlobal
